{
  "agent": "M6",
  "startedAt": "2026-05-26T00:00:00Z",
  "ownedFiles": [
    "src/routes/settings/agents/index.tsx",
    "src/components/settings/agents/agent-list.tsx",
    "src/components/settings/agents/agent-row.tsx",
    "src/components/settings/agents/add-custom-agent-dialog.tsx",
    "src/components/settings/agents/__tests__/agent-list.test.tsx",
    "src/components/settings/agents/__tests__/add-custom-agent-dialog.test.tsx",
    "src/layout/sidebar/settings-sidebar.tsx (extend — add nav entry, equivalent of plan's _layout.tsx)",
    "src/app.tsx (extend — register the new route, single line addition)"
  ]
}
